
Microsoft Visual Studio Solution File, Format Version 12.00
# Visual Studio Version 17
VisualStudioVersion = 17.7.34221.43
MinimumVisualStudioVersion = 10.0.40219.1
Project("{FAE04EC0-301F-11D3-BF4B-00C04F79EFBC}") = "MeuApp", "MeuApp\MeuApp.csproj", "{655904DC-41D1-4796-AF9E-4E505E0E711D}"
EndProject
Project("{FAE04EC0-301F-11D3-BF4B-00C04F79EFBC}") = "MeuApp.Domain", "MeuApp.Domain\MeuApp.Domain.csproj", "{48191027-DC0F-48DA-96FC-6ACC04949346}"
EndProject
Global
	GlobalSection(SolutionConfigurationPlatforms) = preSolution
		Debug|Any CPU = Debug|Any CPU
		Release|Any CPU = Release|Any CPU
	EndGlobalSection
	GlobalSection(ProjectConfigurationPlatforms) = postSolution
		{655904DC-41D1-4796-AF9E-4E505E0E711D}.Debug|Any CPU.ActiveCfg = Debug|Any CPU
		{655904DC-41D1-4796-AF9E-4E505E0E711D}.Debug|Any CPU.Build.0 = Debug|Any CPU
		{655904DC-41D1-4796-AF9E-4E505E0E711D}.Release|Any CPU.ActiveCfg = Release|Any CPU
		{655904DC-41D1-4796-AF9E-4E505E0E711D}.Release|Any CPU.Build.0 = Release|Any CPU
		{48191027-DC0F-48DA-96FC-6ACC04949346}.Debug|Any CPU.ActiveCfg = Debug|Any CPU
		{48191027-DC0F-48DA-96FC-6ACC04949346}.Debug|Any CPU.Build.0 = Debug|Any CPU
		{48191027-DC0F-48DA-96FC-6ACC04949346}.Release|Any CPU.ActiveCfg = Release|Any CPU
		{48191027-DC0F-48DA-96FC-6ACC04949346}.Release|Any CPU.Build.0 = Release|Any CPU
	EndGlobalSection
	GlobalSection(SolutionProperties) = preSolution
		HideSolutionNode = FALSE
	EndGlobalSection
	GlobalSection(ExtensibilityGlobals) = postSolution
		SolutionGuid = {AFD12322-336D-404B-85BA-13F0F015FA5D}
	EndGlobalSection
EndGlobal
